
Microsoft Visual Studio Solution File, Format Version 12.00
# Visual Studio Version 17
VisualStudioVersion = 17.13.35931.197
MinimumVisualStudioVersion = 10.0.40219.1
Project("{FAE04EC0-301F-11D3-BF4B-00C04F79EFBC}") = "WalleUI", "WalleUI\WalleUI\WalleUI.csproj", "{63DC2962-8325-4BC5-B5D7-118A18DAEA0C}"
EndProject
Project("{FAE04EC0-301F-11D3-BF4B-00C04F79EFBC}") = "WalleUI.Client", "WalleUI\WalleUI.Client\WalleUI.Client.csproj", "{D3100D62-D7E4-4546-AC46-90E7478B76CF}"
EndProject
Project("{FAE04EC0-301F-11D3-BF4B-00C04F79EFBC}") = "Interpreter", "Interpreter\Interpreter.csproj", "{E8648799-00DD-4BD0-B4F9-0338A9162028}"
EndProject
Global
	GlobalSection(SolutionConfigurationPlatforms) = preSolution
		Debug|Any CPU = Debug|Any CPU
		Release|Any CPU = Release|Any CPU
	EndGlobalSection
	GlobalSection(ProjectConfigurationPlatforms) = postSolution
		{63DC2962-8325-4BC5-B5D7-118A18DAEA0C}.Debug|Any CPU.ActiveCfg = Debug|Any CPU
		{63DC2962-8325-4BC5-B5D7-118A18DAEA0C}.Debug|Any CPU.Build.0 = Debug|Any CPU
		{63DC2962-8325-4BC5-B5D7-118A18DAEA0C}.Release|Any CPU.ActiveCfg = Release|Any CPU
		{63DC2962-8325-4BC5-B5D7-118A18DAEA0C}.Release|Any CPU.Build.0 = Release|Any CPU
		{D3100D62-D7E4-4546-AC46-90E7478B76CF}.Debug|Any CPU.ActiveCfg = Debug|Any CPU
		{D3100D62-D7E4-4546-AC46-90E7478B76CF}.Debug|Any CPU.Build.0 = Debug|Any CPU
		{D3100D62-D7E4-4546-AC46-90E7478B76CF}.Release|Any CPU.ActiveCfg = Release|Any CPU
		{D3100D62-D7E4-4546-AC46-90E7478B76CF}.Release|Any CPU.Build.0 = Release|Any CPU
		{E8648799-00DD-4BD0-B4F9-0338A9162028}.Debug|Any CPU.ActiveCfg = Debug|Any CPU
		{E8648799-00DD-4BD0-B4F9-0338A9162028}.Debug|Any CPU.Build.0 = Debug|Any CPU
		{E8648799-00DD-4BD0-B4F9-0338A9162028}.Release|Any CPU.ActiveCfg = Release|Any CPU
		{E8648799-00DD-4BD0-B4F9-0338A9162028}.Release|Any CPU.Build.0 = Release|Any CPU
	EndGlobalSection
	GlobalSection(SolutionProperties) = preSolution
		HideSolutionNode = FALSE
	EndGlobalSection
	GlobalSection(ExtensibilityGlobals) = postSolution
		SolutionGuid = {C33BB922-C733-4D27-8E04-92357BA61E24}
	EndGlobalSection
EndGlobal
